
Microsoft Visual Studio Solution File, Format Version 12.00
# Visual Studio Version 16
VisualStudioVersion = 16.0.31205.134
MinimumVisualStudioVersion = 10.0.40219.1
Project("{FAE04EC0-301F-11D3-BF4B-00C04F79EFBC}") = "prueba1", "prueba1\prueba1.csproj", "{14934A25-B7CD-43F5-818B-F46BCC382F50}"
EndProject
Global
	GlobalSection(SolutionConfigurationPlatforms) = preSolution
		Debug|Any CPU = Debug|Any CPU
		Release|Any CPU = Release|Any CPU
	EndGlobalSection
	GlobalSection(ProjectConfigurationPlatforms) = postSolution
		{14934A25-B7CD-43F5-818B-F46BCC382F50}.Debug|Any CPU.ActiveCfg = Debug|Any CPU
		{14934A25-B7CD-43F5-818B-F46BCC382F50}.Debug|Any CPU.Build.0 = Debug|Any CPU
		{14934A25-B7CD-43F5-818B-F46BCC382F50}.Release|Any CPU.ActiveCfg = Release|Any CPU
		{14934A25-B7CD-43F5-818B-F46BCC382F50}.Release|Any CPU.Build.0 = Release|Any CPU
	EndGlobalSection
	GlobalSection(SolutionProperties) = preSolution
		HideSolutionNode = FALSE
	EndGlobalSection
	GlobalSection(ExtensibilityGlobals) = postSolution
		SolutionGuid = {2B009B37-EA6C-4B9D-AAE0-E17FB4815515}
	EndGlobalSection
EndGlobal
